
Microsoft Visual Studio Solution File, Format Version 12.00
Project("{FAE04EC0-301F-11D3-BF4B-00C04F79EFBC}") = "converter", "converter\converter.csproj", "{CC40FEBA-D575-44AA-856C-65B910AA75EC}"
EndProject
Global
	GlobalSection(SolutionConfigurationPlatforms) = preSolution
		Debug|Any CPU = Debug|Any CPU
		Release|Any CPU = Release|Any CPU
	EndGlobalSection
	GlobalSection(ProjectConfigurationPlatforms) = postSolution
		{CC40FEBA-D575-44AA-856C-65B910AA75EC}.Debug|Any CPU.ActiveCfg = Debug|Any CPU
		{CC40FEBA-D575-44AA-856C-65B910AA75EC}.Debug|Any CPU.Build.0 = Debug|Any CPU
		{CC40FEBA-D575-44AA-856C-65B910AA75EC}.Release|Any CPU.ActiveCfg = Release|Any CPU
		{CC40FEBA-D575-44AA-856C-65B910AA75EC}.Release|Any CPU.Build.0 = Release|Any CPU
	EndGlobalSection
EndGlobal
