
Microsoft Visual Studio Solution File, Format Version 12.00
Project("{FAE04EC0-301F-11D3-BF4B-00C04F79EFBC}") = "PhoneStore", "PhoneStore\PhoneStore.csproj", "{ABD8DFC3-FC86-422A-8317-16F8247A311F}"
EndProject
Global
	GlobalSection(SolutionConfigurationPlatforms) = preSolution
		Debug|Any CPU = Debug|Any CPU
		Release|Any CPU = Release|Any CPU
	EndGlobalSection
	GlobalSection(ProjectConfigurationPlatforms) = postSolution
		{ABD8DFC3-FC86-422A-8317-16F8247A311F}.Debug|Any CPU.ActiveCfg = Debug|Any CPU
		{ABD8DFC3-FC86-422A-8317-16F8247A311F}.Debug|Any CPU.Build.0 = Debug|Any CPU
		{ABD8DFC3-FC86-422A-8317-16F8247A311F}.Release|Any CPU.ActiveCfg = Release|Any CPU
		{ABD8DFC3-FC86-422A-8317-16F8247A311F}.Release|Any CPU.Build.0 = Release|Any CPU
	EndGlobalSection
EndGlobal
